// !$*UTF8*$!
{
	archiveVersion = 1;
	classes = {
	};
	objectVersion = 46;
	objects = {

/* Begin PBXBuildFile section */
		490A21C11595257D00929285 /* led_green.png in Resources */ = {isa = PBXBuildFile; fileRef = 490A21B91595257D00929285 /* led_green.png */; };
		490A21C21595257D00929285 /* led_off.png in Resources */ = {isa = PBXBuildFile; fileRef = 490A21BA1595257D00929285 /* led_off.png */; };
		490A21C31595257D00929285 /* led_red.png in Resources */ = {isa = PBXBuildFile; fileRef = 490A21BB1595257D00929285 /* led_red.png */; };
		490A21C41595257D00929285 /* sink_kinectPaused.png in Resources */ = {isa = PBXBuildFile; fileRef = 490A21BC1595257D00929285 /* sink_kinectPaused.png */; };
		490A21C51595257D00929285 /* sink_kinectUnreachable.png in Resources */ = {isa = PBXBuildFile; fileRef = 490A21BD1595257D00929285 /* sink_kinectUnreachable.png */; };
		490A21C61595257D00929285 /* sink_load.png in Resources */ = {isa = PBXBuildFile; fileRef = 490A21BE1595257D00929285 /* sink_load.png */; };
		490A21C71595257D00929285 /* SINK-Logo.icns in Resources */ = {isa = PBXBuildFile; fileRef = 490A21BF1595257D00929285 /* SINK-Logo.icns */; };
		490A21C81595257D00929285 /* SINK-Logo.png in Resources */ = {isa = PBXBuildFile; fileRef = 490A21C01595257D00929285 /* SINK-Logo.png */; };
		490D4DFE1608CBE900DD3A08 /* NotificationCenterWrapper.m in Sources */ = {isa = PBXBuildFile; fileRef = 490D4DFD1608CB9900DD3A08 /* NotificationCenterWrapper.m */; };
		491370BF15850CD200285A46 /* OSC.m in Sources */ = {isa = PBXBuildFile; fileRef = 491370BE15850CD100285A46 /* OSC.m */; };
		492CF949158246AD002D5258 /* OSCLogItem.m in Sources */ = {isa = PBXBuildFile; fileRef = 492CF946158234B2002D5258 /* OSCLogItem.m */; };
		492CF94A158246B0002D5258 /* OSCLogTableController.m in Sources */ = {isa = PBXBuildFile; fileRef = 492CF945158234B2002D5258 /* OSCLogTableController.m */; };
		492CF9521584BD5F002D5258 /* ConsoleLogTableController.m in Sources */ = {isa = PBXBuildFile; fileRef = 492CF94E15841037002D5258 /* ConsoleLogTableController.m */; };
		492CF9531584BD62002D5258 /* ConsoleLogItem.m in Sources */ = {isa = PBXBuildFile; fileRef = 492CF95015841037002D5258 /* ConsoleLogItem.m */; };
		492F15E415EE215D0003A817 /* AppSettings.mm in Sources */ = {isa = PBXBuildFile; fileRef = 492F15E315EE215D0003A817 /* AppSettings.mm */; };
		4940B9B915F243D400AADE14 /* EnvironmentController.m in Sources */ = {isa = PBXBuildFile; fileRef = 4940B9B815F243D400AADE14 /* EnvironmentController.m */; };
		4940B9BC15F2458D00AADE14 /* Quartz.framework in Frameworks */ = {isa = PBXBuildFile; fileRef = 4940B9BA15F2458D00AADE14 /* Quartz.framework */; };
		4940B9BD15F2458D00AADE14 /* QuartzCore.framework in Frameworks */ = {isa = PBXBuildFile; fileRef = 4940B9BB15F2458D00AADE14 /* QuartzCore.framework */; };
		494B2EF2160E75AD00F988E7 /* libOpenNI.dylib in Frameworks */ = {isa = PBXBuildFile; fileRef = 494B2EED160E75AD00F988E7 /* libOpenNI.dylib */; };
		49947D931580D2B90059619C /* VVBasics.framework in Frameworks */ = {isa = PBXBuildFile; fileRef = 49947D901580D2B90059619C /* VVBasics.framework */; };
		49947D941580D2B90059619C /* VVMIDI.framework in Frameworks */ = {isa = PBXBuildFile; fileRef = 49947D911580D2B90059619C /* VVMIDI.framework */; };
		49947D951580D2B90059619C /* VVOSC.framework in Frameworks */ = {isa = PBXBuildFile; fileRef = 49947D921580D2B90059619C /* VVOSC.framework */; };
		49947D971580D2E00059619C /* VVBasics.framework in CopyFiles */ = {isa = PBXBuildFile; fileRef = 49947D901580D2B90059619C /* VVBasics.framework */; };
		49947D981580D2E00059619C /* VVMIDI.framework in CopyFiles */ = {isa = PBXBuildFile; fileRef = 49947D911580D2B90059619C /* VVMIDI.framework */; };
		49947D991580D2E00059619C /* VVOSC.framework in CopyFiles */ = {isa = PBXBuildFile; fileRef = 49947D921580D2B90059619C /* VVOSC.framework */; };
		49947DA21580D6860059619C /* DepthView.mm in Sources */ = {isa = PBXBuildFile; fileRef = 49947D9B1580D6860059619C /* DepthView.mm */; };
		49947DA31580D6860059619C /* SceneDrawer.mm in Sources */ = {isa = PBXBuildFile; fileRef = 49947D9D1580D6860059619C /* SceneDrawer.mm */; };
		49947DA51580D6860059619C /* XnVector3DUtils.cc in Sources */ = {isa = PBXBuildFile; fileRef = 49947DA11580D6860059619C /* XnVector3DUtils.cc */; };
		49947DA71580D8AC0059619C /* GLUT.framework in Frameworks */ = {isa = PBXBuildFile; fileRef = 49947DA61580D8AC0059619C /* GLUT.framework */; };
		49947DA91580D8B50059619C /* OpenGL.framework in Frameworks */ = {isa = PBXBuildFile; fileRef = 49947DA81580D8B50059619C /* OpenGL.framework */; };
		49B170BD15EEC99B009445AE /* DEFAULT.CONF in Resources */ = {isa = PBXBuildFile; fileRef = 49B170BC15EEC99B009445AE /* DEFAULT.CONF */; };
		49CA8C75157FE4C800F2738D /* Cocoa.framework in Frameworks */ = {isa = PBXBuildFile; fileRef = 49CA8C74157FE4C800F2738D /* Cocoa.framework */; };
		49CA8C7F157FE4C800F2738D /* InfoPlist.strings in Resources */ = {isa = PBXBuildFile; fileRef = 49CA8C7D157FE4C800F2738D /* InfoPlist.strings */; };
		49CA8C81157FE4C800F2738D /* main.m in Sources */ = {isa = PBXBuildFile; fileRef = 49CA8C80157FE4C800F2738D /* main.m */; };
		49CA8C85157FE4C800F2738D /* Credits.rtf in Resources */ = {isa = PBXBuildFile; fileRef = 49CA8C83157FE4C800F2738D /* Credits.rtf */; };
		49CA8C8B157FE4C800F2738D /* MainMenu.xib in Resources */ = {isa = PBXBuildFile; fileRef = 49CA8C89157FE4C800F2738D /* MainMenu.xib */; };
		49CA8CAA157FE51800F2738D /* CocoaOpenNI.mm in Sources */ = {isa = PBXBuildFile; fileRef = 49CA8CA9157FE51800F2738D /* CocoaOpenNI.mm */; };
		49CA8CAD157FE52E00F2738D /* AppDelegate.mm in Sources */ = {isa = PBXBuildFile; fileRef = 49CA8CAC157FE52E00F2738D /* AppDelegate.mm */; };
		49CA8CB1157FE64200F2738D /* KinectConfig.xml in Resources */ = {isa = PBXBuildFile; fileRef = 49CA8CB0157FE64200F2738D /* KinectConfig.xml */; };
		49F077A7160E7DBF00B82C88 /* libOpenNI.dylib in CopyFiles */ = {isa = PBXBuildFile; fileRef = 494B2EED160E75AD00F988E7 /* libOpenNI.dylib */; };
/* End PBXBuildFile section */

/* Begin PBXCopyFilesBuildPhase section */
		49947D961580D2D70059619C /* CopyFiles */ = {
			isa = PBXCopyFilesBuildPhase;
			buildActionMask = 2147483647;
			dstPath = "";
			dstSubfolderSpec = 10;
			files = (
				49F077A7160E7DBF00B82C88 /* libOpenNI.dylib in CopyFiles */,
				49947D971580D2E00059619C /* VVBasics.framework in CopyFiles */,
				49947D981580D2E00059619C /* VVMIDI.framework in CopyFiles */,
				49947D991580D2E00059619C /* VVOSC.framework in CopyFiles */,
			);
			runOnlyForDeploymentPostprocessing = 0;
		};
/* End PBXCopyFilesBuildPhase section */

/* Begin PBXFileReference section */
		490A21B91595257D00929285 /* led_green.png */ = {isa = PBXFileReference; lastKnownFileType = image.png; path = led_green.png; sourceTree = "<group>"; };
		490A21BA1595257D00929285 /* led_off.png */ = {isa = PBXFileReference; lastKnownFileType = image.png; path = led_off.png; sourceTree = "<group>"; };
		490A21BB1595257D00929285 /* led_red.png */ = {isa = PBXFileReference; lastKnownFileType = image.png; path = led_red.png; sourceTree = "<group>"; };
		490A21BC1595257D00929285 /* sink_kinectPaused.png */ = {isa = PBXFileReference; lastKnownFileType = image.png; path = sink_kinectPaused.png; sourceTree = "<group>"; };
		490A21BD1595257D00929285 /* sink_kinectUnreachable.png */ = {isa = PBXFileReference; lastKnownFileType = image.png; path = sink_kinectUnreachable.png; sourceTree = "<group>"; };
		490A21BE1595257D00929285 /* sink_load.png */ = {isa = PBXFileReference; lastKnownFileType = image.png; path = sink_load.png; sourceTree = "<group>"; };
		490A21BF1595257D00929285 /* SINK-Logo.icns */ = {isa = PBXFileReference; lastKnownFileType = image.icns; path = "SINK-Logo.icns"; sourceTree = "<group>"; };
		490A21C01595257D00929285 /* SINK-Logo.png */ = {isa = PBXFileReference; lastKnownFileType = image.png; path = "SINK-Logo.png"; sourceTree = "<group>"; };
		490D4DFC1608CB9900DD3A08 /* NotificationCenterWrapper.h */ = {isa = PBXFileReference; lastKnownFileType = sourcecode.c.h; path = NotificationCenterWrapper.h; sourceTree = "<group>"; };
		490D4DFD1608CB9900DD3A08 /* NotificationCenterWrapper.m */ = {isa = PBXFileReference; lastKnownFileType = sourcecode.c.objc; path = NotificationCenterWrapper.m; sourceTree = "<group>"; };
		491370BD15850CD100285A46 /* OSC.h */ = {isa = PBXFileReference; fileEncoding = 4; lastKnownFileType = sourcecode.c.h; path = OSC.h; sourceTree = "<group>"; };
		491370BE15850CD100285A46 /* OSC.m */ = {isa = PBXFileReference; fileEncoding = 4; lastKnownFileType = sourcecode.c.objc; path = OSC.m; sourceTree = "<group>"; };
		492CF943158234B2002D5258 /* OSCLogItem.h */ = {isa = PBXFileReference; lastKnownFileType = sourcecode.c.h; path = OSCLogItem.h; sourceTree = "<group>"; };
		492CF944158234B2002D5258 /* OSCLogTableController.h */ = {isa = PBXFileReference; lastKnownFileType = sourcecode.c.h; path = OSCLogTableController.h; sourceTree = "<group>"; };
		492CF945158234B2002D5258 /* OSCLogTableController.m */ = {isa = PBXFileReference; lastKnownFileType = sourcecode.c.objc; path = OSCLogTableController.m; sourceTree = "<group>"; };
		492CF946158234B2002D5258 /* OSCLogItem.m */ = {isa = PBXFileReference; lastKnownFileType = sourcecode.c.objc; path = OSCLogItem.m; sourceTree = "<group>"; };
		492CF94E15841037002D5258 /* ConsoleLogTableController.m */ = {isa = PBXFileReference; lastKnownFileType = sourcecode.c.objc; path = ConsoleLogTableController.m; sourceTree = "<group>"; };
		492CF94F15841037002D5258 /* ConsoleLogTableController.h */ = {isa = PBXFileReference; lastKnownFileType = sourcecode.c.h; path = ConsoleLogTableController.h; sourceTree = "<group>"; };
		492CF95015841037002D5258 /* ConsoleLogItem.m */ = {isa = PBXFileReference; lastKnownFileType = sourcecode.c.objc; path = ConsoleLogItem.m; sourceTree = "<group>"; };
		492CF95115841038002D5258 /* ConsoleLogItem.h */ = {isa = PBXFileReference; lastKnownFileType = sourcecode.c.h; path = ConsoleLogItem.h; sourceTree = "<group>"; };
		492F15E215EE215D0003A817 /* AppSettings.h */ = {isa = PBXFileReference; fileEncoding = 4; lastKnownFileType = sourcecode.c.h; path = AppSettings.h; sourceTree = "<group>"; };
		492F15E315EE215D0003A817 /* AppSettings.mm */ = {isa = PBXFileReference; fileEncoding = 4; lastKnownFileType = sourcecode.cpp.objcpp; path = AppSettings.mm; sourceTree = "<group>"; };
		4940B9B715F243D400AADE14 /* EnvironmentController.h */ = {isa = PBXFileReference; fileEncoding = 4; lastKnownFileType = sourcecode.c.h; path = EnvironmentController.h; sourceTree = "<group>"; };
		4940B9B815F243D400AADE14 /* EnvironmentController.m */ = {isa = PBXFileReference; fileEncoding = 4; lastKnownFileType = sourcecode.c.objc; path = EnvironmentController.m; sourceTree = "<group>"; };
		4940B9BA15F2458D00AADE14 /* Quartz.framework */ = {isa = PBXFileReference; lastKnownFileType = wrapper.framework; name = Quartz.framework; path = System/Library/Frameworks/Quartz.framework; sourceTree = SDKROOT; };
		4940B9BB15F2458D00AADE14 /* QuartzCore.framework */ = {isa = PBXFileReference; lastKnownFileType = wrapper.framework; name = QuartzCore.framework; path = System/Library/Frameworks/QuartzCore.framework; sourceTree = SDKROOT; };
		494B2EED160E75AD00F988E7 /* libOpenNI.dylib */ = {isa = PBXFileReference; lastKnownFileType = "compiled.mach-o.dylib"; path = libOpenNI.dylib; sourceTree = "<group>"; };
		49947D901580D2B90059619C /* VVBasics.framework */ = {isa = PBXFileReference; lastKnownFileType = wrapper.framework; path = VVBasics.framework; sourceTree = "<group>"; };
		49947D911580D2B90059619C /* VVMIDI.framework */ = {isa = PBXFileReference; lastKnownFileType = wrapper.framework; path = VVMIDI.framework; sourceTree = "<group>"; };
		49947D921580D2B90059619C /* VVOSC.framework */ = {isa = PBXFileReference; lastKnownFileType = wrapper.framework; path = VVOSC.framework; sourceTree = "<group>"; };
		49947D9A1580D6860059619C /* DepthView.h */ = {isa = PBXFileReference; fileEncoding = 4; lastKnownFileType = sourcecode.c.h; path = DepthView.h; sourceTree = "<group>"; };
		49947D9B1580D6860059619C /* DepthView.mm */ = {isa = PBXFileReference; fileEncoding = 4; lastKnownFileType = sourcecode.cpp.objcpp; path = DepthView.mm; sourceTree = "<group>"; };
		49947D9C1580D6860059619C /* SceneDrawer.h */ = {isa = PBXFileReference; fileEncoding = 4; lastKnownFileType = sourcecode.c.h; path = SceneDrawer.h; sourceTree = "<group>"; };
		49947D9D1580D6860059619C /* SceneDrawer.mm */ = {isa = PBXFileReference; fileEncoding = 4; lastKnownFileType = sourcecode.cpp.objcpp; path = SceneDrawer.mm; sourceTree = "<group>"; };
		49947DA01580D6860059619C /* XnVector3DUtils.h */ = {isa = PBXFileReference; fileEncoding = 4; lastKnownFileType = sourcecode.c.h; path = XnVector3DUtils.h; sourceTree = "<group>"; };
		49947DA11580D6860059619C /* XnVector3DUtils.cc */ = {isa = PBXFileReference; fileEncoding = 4; lastKnownFileType = sourcecode.cpp.cpp; path = XnVector3DUtils.cc; sourceTree = "<group>"; };
		49947DA61580D8AC0059619C /* GLUT.framework */ = {isa = PBXFileReference; lastKnownFileType = wrapper.framework; name = GLUT.framework; path = System/Library/Frameworks/GLUT.framework; sourceTree = SDKROOT; };
		49947DA81580D8B50059619C /* OpenGL.framework */ = {isa = PBXFileReference; lastKnownFileType = wrapper.framework; name = OpenGL.framework; path = System/Library/Frameworks/OpenGL.framework; sourceTree = SDKROOT; };
		49B170BC15EEC99B009445AE /* DEFAULT.CONF */ = {isa = PBXFileReference; fileEncoding = 4; lastKnownFileType = text.xml; path = DEFAULT.CONF; sourceTree = "<group>"; };
		49CA8C70157FE4C800F2738D /* SinK.app */ = {isa = PBXFileReference; explicitFileType = wrapper.application; includeInIndex = 0; path = SinK.app; sourceTree = BUILT_PRODUCTS_DIR; };
		49CA8C74157FE4C800F2738D /* Cocoa.framework */ = {isa = PBXFileReference; lastKnownFileType = wrapper.framework; name = Cocoa.framework; path = System/Library/Frameworks/Cocoa.framework; sourceTree = SDKROOT; };
		49CA8C77157FE4C800F2738D /* AppKit.framework */ = {isa = PBXFileReference; lastKnownFileType = wrapper.framework; name = AppKit.framework; path = System/Library/Frameworks/AppKit.framework; sourceTree = SDKROOT; };
		49CA8C78157FE4C800F2738D /* CoreData.framework */ = {isa = PBXFileReference; lastKnownFileType = wrapper.framework; name = CoreData.framework; path = System/Library/Frameworks/CoreData.framework; sourceTree = SDKROOT; };
		49CA8C79157FE4C800F2738D /* Foundation.framework */ = {isa = PBXFileReference; lastKnownFileType = wrapper.framework; name = Foundation.framework; path = System/Library/Frameworks/Foundation.framework; sourceTree = SDKROOT; };
		49CA8C7C157FE4C800F2738D /* SinKinector-Info.plist */ = {isa = PBXFileReference; lastKnownFileType = text.plist.xml; path = "SinKinector-Info.plist"; sourceTree = "<group>"; };
		49CA8C7E157FE4C800F2738D /* en */ = {isa = PBXFileReference; lastKnownFileType = text.plist.strings; name = en; path = en.lproj/InfoPlist.strings; sourceTree = "<group>"; };
		49CA8C80157FE4C800F2738D /* main.m */ = {isa = PBXFileReference; lastKnownFileType = sourcecode.c.objc; path = main.m; sourceTree = "<group>"; };
		49CA8C82157FE4C800F2738D /* SinKinector-Prefix.pch */ = {isa = PBXFileReference; lastKnownFileType = sourcecode.c.h; path = "SinKinector-Prefix.pch"; sourceTree = "<group>"; };
		49CA8C84157FE4C800F2738D /* en */ = {isa = PBXFileReference; lastKnownFileType = text.rtf; name = en; path = en.lproj/Credits.rtf; sourceTree = "<group>"; };
		49CA8C8A157FE4C800F2738D /* en */ = {isa = PBXFileReference; lastKnownFileType = file.xib; name = en; path = en.lproj/MainMenu.xib; sourceTree = "<group>"; };
		49CA8C92157FE4C800F2738D /* SenTestingKit.framework */ = {isa = PBXFileReference; lastKnownFileType = wrapper.framework; name = SenTestingKit.framework; path = Library/Frameworks/SenTestingKit.framework; sourceTree = DEVELOPER_DIR; };
		49CA8CA8157FE51800F2738D /* CocoaOpenNI.h */ = {isa = PBXFileReference; fileEncoding = 4; lastKnownFileType = sourcecode.c.h; path = CocoaOpenNI.h; sourceTree = "<group>"; };
		49CA8CA9157FE51800F2738D /* CocoaOpenNI.mm */ = {isa = PBXFileReference; fileEncoding = 4; lastKnownFileType = sourcecode.cpp.objcpp; path = CocoaOpenNI.mm; sourceTree = "<group>"; };
		49CA8CAB157FE52D00F2738D /* AppDelegate.h */ = {isa = PBXFileReference; fileEncoding = 4; lastKnownFileType = sourcecode.c.h; path = AppDelegate.h; sourceTree = "<group>"; };
		49CA8CAC157FE52E00F2738D /* AppDelegate.mm */ = {isa = PBXFileReference; fileEncoding = 4; lastKnownFileType = sourcecode.cpp.objcpp; path = AppDelegate.mm; sourceTree = "<group>"; };
		49CA8CB0157FE64200F2738D /* KinectConfig.xml */ = {isa = PBXFileReference; fileEncoding = 4; lastKnownFileType = text.xml; path = KinectConfig.xml; sourceTree = "<group>"; };
/* End PBXFileReference section */

/* Begin PBXFrameworksBuildPhase section */
		49CA8C6D157FE4C800F2738D /* Frameworks */ = {
			isa = PBXFrameworksBuildPhase;
			buildActionMask = 2147483647;
			files = (
				4940B9BC15F2458D00AADE14 /* Quartz.framework in Frameworks */,
				4940B9BD15F2458D00AADE14 /* QuartzCore.framework in Frameworks */,
				49947DA91580D8B50059619C /* OpenGL.framework in Frameworks */,
				49947DA71580D8AC0059619C /* GLUT.framework in Frameworks */,
				49CA8C75157FE4C800F2738D /* Cocoa.framework in Frameworks */,
				49947D931580D2B90059619C /* VVBasics.framework in Frameworks */,
				49947D941580D2B90059619C /* VVMIDI.framework in Frameworks */,
				49947D951580D2B90059619C /* VVOSC.framework in Frameworks */,
				494B2EF2160E75AD00F988E7 /* libOpenNI.dylib in Frameworks */,
			);
			runOnlyForDeploymentPostprocessing = 0;
		};
/* End PBXFrameworksBuildPhase section */

/* Begin PBXGroup section */
		492CF941158234A6002D5258 /* OSC */ = {
			isa = PBXGroup;
			children = (
				491370BD15850CD100285A46 /* OSC.h */,
				491370BE15850CD100285A46 /* OSC.m */,
				492CF943158234B2002D5258 /* OSCLogItem.h */,
				492CF946158234B2002D5258 /* OSCLogItem.m */,
				492CF944158234B2002D5258 /* OSCLogTableController.h */,
				492CF945158234B2002D5258 /* OSCLogTableController.m */,
			);
			name = OSC;
			sourceTree = "<group>";
		};
		49947D8F1580D25A0059619C /* CocoaOpenNI-johnboiles */ = {
			isa = PBXGroup;
			children = (
				49947D9A1580D6860059619C /* DepthView.h */,
				49947D9B1580D6860059619C /* DepthView.mm */,
				49947D9C1580D6860059619C /* SceneDrawer.h */,
				49947D9D1580D6860059619C /* SceneDrawer.mm */,
				49947DA01580D6860059619C /* XnVector3DUtils.h */,
				49947DA11580D6860059619C /* XnVector3DUtils.cc */,
				49CA8CA8157FE51800F2738D /* CocoaOpenNI.h */,
				49CA8CA9157FE51800F2738D /* CocoaOpenNI.mm */,
			);
			name = "CocoaOpenNI-johnboiles";
			sourceTree = "<group>";
		};
		4999800C1593692F006507E0 /* Resources */ = {
			isa = PBXGroup;
			children = (
				490A21B91595257D00929285 /* led_green.png */,
				490A21BA1595257D00929285 /* led_off.png */,
				490A21BB1595257D00929285 /* led_red.png */,
				490A21BC1595257D00929285 /* sink_kinectPaused.png */,
				490A21BD1595257D00929285 /* sink_kinectUnreachable.png */,
				490A21BE1595257D00929285 /* sink_load.png */,
				490A21BF1595257D00929285 /* SINK-Logo.icns */,
				490A21C01595257D00929285 /* SINK-Logo.png */,
			);
			name = Resources;
			path = ..;
			sourceTree = "<group>";
		};
		49CA8C65157FE4C700F2738D = {
			isa = PBXGroup;
			children = (
				4940B9BA15F2458D00AADE14 /* Quartz.framework */,
				4940B9BB15F2458D00AADE14 /* QuartzCore.framework */,
				49CA8C7A157FE4C800F2738D /* SinKinector */,
				49CA8C73157FE4C800F2738D /* Frameworks */,
				49CA8C71157FE4C800F2738D /* Products */,
			);
			sourceTree = "<group>";
		};
		49CA8C71157FE4C800F2738D /* Products */ = {
			isa = PBXGroup;
			children = (
				49CA8C70157FE4C800F2738D /* SinK.app */,
			);
			name = Products;
			sourceTree = "<group>";
		};
		49CA8C73157FE4C800F2738D /* Frameworks */ = {
			isa = PBXGroup;
			children = (
				494B2EED160E75AD00F988E7 /* libOpenNI.dylib */,
				49947DA81580D8B50059619C /* OpenGL.framework */,
				49947DA61580D8AC0059619C /* GLUT.framework */,
				49CA8C77157FE4C800F2738D /* AppKit.framework */,
				49CA8C78157FE4C800F2738D /* CoreData.framework */,
				49CA8C79157FE4C800F2738D /* Foundation.framework */,
				49947D901580D2B90059619C /* VVBasics.framework */,
				49947D911580D2B90059619C /* VVMIDI.framework */,
				49947D921580D2B90059619C /* VVOSC.framework */,
				49CA8C74157FE4C800F2738D /* Cocoa.framework */,
				49CA8C92157FE4C800F2738D /* SenTestingKit.framework */,
			);
			name = Frameworks;
			sourceTree = "<group>";
		};
		49CA8C7A157FE4C800F2738D /* SinKinector */ = {
			isa = PBXGroup;
			children = (
				490D4DFC1608CB9900DD3A08 /* NotificationCenterWrapper.h */,
				490D4DFD1608CB9900DD3A08 /* NotificationCenterWrapper.m */,
				492CF94E15841037002D5258 /* ConsoleLogTableController.m */,
				492CF94F15841037002D5258 /* ConsoleLogTableController.h */,
				492CF95015841037002D5258 /* ConsoleLogItem.m */,
				492F15E215EE215D0003A817 /* AppSettings.h */,
				492F15E315EE215D0003A817 /* AppSettings.mm */,
				492CF95115841038002D5258 /* ConsoleLogItem.h */,
				49CA8CAB157FE52D00F2738D /* AppDelegate.h */,
				49CA8CAC157FE52E00F2738D /* AppDelegate.mm */,
				49CA8C89157FE4C800F2738D /* MainMenu.xib */,
				4940B9B715F243D400AADE14 /* EnvironmentController.h */,
				4940B9B815F243D400AADE14 /* EnvironmentController.m */,
				492CF941158234A6002D5258 /* OSC */,
				49947D8F1580D25A0059619C /* CocoaOpenNI-johnboiles */,
				4999800C1593692F006507E0 /* Resources */,
				49CA8C7B157FE4C800F2738D /* Supporting Files */,
			);
			path = SinKinector;
			sourceTree = "<group>";
		};
		49CA8C7B157FE4C800F2738D /* Supporting Files */ = {
			isa = PBXGroup;
			children = (
				49B170BC15EEC99B009445AE /* DEFAULT.CONF */,
				49CA8CB0157FE64200F2738D /* KinectConfig.xml */,
				49CA8C7C157FE4C800F2738D /* SinKinector-Info.plist */,
				49CA8C7D157FE4C800F2738D /* InfoPlist.strings */,
				49CA8C80157FE4C800F2738D /* main.m */,
				49CA8C82157FE4C800F2738D /* SinKinector-Prefix.pch */,
				49CA8C83157FE4C800F2738D /* Credits.rtf */,
			);
			name = "Supporting Files";
			sourceTree = "<group>";
		};
/* End PBXGroup section */

/* Begin PBXNativeTarget section */
		49CA8C6F157FE4C800F2738D /* SinK */ = {
			isa = PBXNativeTarget;
			buildConfigurationList = 49CA8CA2157FE4C800F2738D /* Build configuration list for PBXNativeTarget "SinK" */;
			buildPhases = (
				49CA8C6C157FE4C800F2738D /* Sources */,
				49CA8C6D157FE4C800F2738D /* Frameworks */,
				49CA8C6E157FE4C800F2738D /* Resources */,
				49947D961580D2D70059619C /* CopyFiles */,
			);
			buildRules = (
			);
			dependencies = (
			);
			name = SinK;
			productName = SinKinector;
			productReference = 49CA8C70157FE4C800F2738D /* SinK.app */;
			productType = "com.apple.product-type.application";
		};
/* End PBXNativeTarget section */

/* Begin PBXProject section */
		49CA8C67157FE4C700F2738D /* Project object */ = {
			isa = PBXProject;
			attributes = {
				LastUpgradeCheck = 0440;
				ORGANIZATIONNAME = "SinLab / EPFL";
			};
			buildConfigurationList = 49CA8C6A157FE4C700F2738D /* Build configuration list for PBXProject "SinK" */;
			compatibilityVersion = "Xcode 3.2";
			developmentRegion = English;
			hasScannedForEncodings = 0;
			knownRegions = (
				en,
			);
			mainGroup = 49CA8C65157FE4C700F2738D;
			productRefGroup = 49CA8C71157FE4C800F2738D /* Products */;
			projectDirPath = "";
			projectRoot = "";
			targets = (
				49CA8C6F157FE4C800F2738D /* SinK */,
			);
		};
/* End PBXProject section */

/* Begin PBXResourcesBuildPhase section */
		49CA8C6E157FE4C800F2738D /* Resources */ = {
			isa = PBXResourcesBuildPhase;
			buildActionMask = 2147483647;
			files = (
				49CA8C7F157FE4C800F2738D /* InfoPlist.strings in Resources */,
				49CA8C85157FE4C800F2738D /* Credits.rtf in Resources */,
				49CA8C8B157FE4C800F2738D /* MainMenu.xib in Resources */,
				49CA8CB1157FE64200F2738D /* KinectConfig.xml in Resources */,
				490A21C11595257D00929285 /* led_green.png in Resources */,
				490A21C21595257D00929285 /* led_off.png in Resources */,
				490A21C31595257D00929285 /* led_red.png in Resources */,
				490A21C41595257D00929285 /* sink_kinectPaused.png in Resources */,
				490A21C51595257D00929285 /* sink_kinectUnreachable.png in Resources */,
				490A21C61595257D00929285 /* sink_load.png in Resources */,
				490A21C71595257D00929285 /* SINK-Logo.icns in Resources */,
				490A21C81595257D00929285 /* SINK-Logo.png in Resources */,
				49B170BD15EEC99B009445AE /* DEFAULT.CONF in Resources */,
			);
			runOnlyForDeploymentPostprocessing = 0;
		};
/* End PBXResourcesBuildPhase section */

/* Begin PBXSourcesBuildPhase section */
		49CA8C6C157FE4C800F2738D /* Sources */ = {
			isa = PBXSourcesBuildPhase;
			buildActionMask = 2147483647;
			files = (
				490D4DFE1608CBE900DD3A08 /* NotificationCenterWrapper.m in Sources */,
				49CA8C81157FE4C800F2738D /* main.m in Sources */,
				49CA8CAA157FE51800F2738D /* CocoaOpenNI.mm in Sources */,
				492CF9521584BD5F002D5258 /* ConsoleLogTableController.m in Sources */,
				492CF9531584BD62002D5258 /* ConsoleLogItem.m in Sources */,
				49CA8CAD157FE52E00F2738D /* AppDelegate.mm in Sources */,
				49947DA21580D6860059619C /* DepthView.mm in Sources */,
				49947DA31580D6860059619C /* SceneDrawer.mm in Sources */,
				49947DA51580D6860059619C /* XnVector3DUtils.cc in Sources */,
				492CF949158246AD002D5258 /* OSCLogItem.m in Sources */,
				492CF94A158246B0002D5258 /* OSCLogTableController.m in Sources */,
				491370BF15850CD200285A46 /* OSC.m in Sources */,
				492F15E415EE215D0003A817 /* AppSettings.mm in Sources */,
				4940B9B915F243D400AADE14 /* EnvironmentController.m in Sources */,
			);
			runOnlyForDeploymentPostprocessing = 0;
		};
/* End PBXSourcesBuildPhase section */

/* Begin PBXVariantGroup section */
		49CA8C7D157FE4C800F2738D /* InfoPlist.strings */ = {
			isa = PBXVariantGroup;
			children = (
				49CA8C7E157FE4C800F2738D /* en */,
			);
			name = InfoPlist.strings;
			sourceTree = "<group>";
		};
		49CA8C83157FE4C800F2738D /* Credits.rtf */ = {
			isa = PBXVariantGroup;
			children = (
				49CA8C84157FE4C800F2738D /* en */,
			);
			name = Credits.rtf;
			sourceTree = "<group>";
		};
		49CA8C89157FE4C800F2738D /* MainMenu.xib */ = {
			isa = PBXVariantGroup;
			children = (
				49CA8C8A157FE4C800F2738D /* en */,
			);
			name = MainMenu.xib;
			sourceTree = "<group>";
		};
/* End PBXVariantGroup section */

/* Begin XCBuildConfiguration section */
		49CA8CA0157FE4C800F2738D /* Debug */ = {
			isa = XCBuildConfiguration;
			buildSettings = {
				ALWAYS_SEARCH_USER_PATHS = NO;
				ARCHS = "$(ARCHS_STANDARD_64_BIT)";
				CLANG_ENABLE_OBJC_ARC = YES;
				COPY_PHASE_STRIP = NO;
				GCC_C_LANGUAGE_STANDARD = gnu99;
				GCC_DYNAMIC_NO_PIC = NO;
				GCC_ENABLE_OBJC_EXCEPTIONS = YES;
				GCC_OPTIMIZATION_LEVEL = 0;
				GCC_PREPROCESSOR_DEFINITIONS = (
					"DEBUG=1",
					"$(inherited)",
				);
				GCC_SYMBOLS_PRIVATE_EXTERN = NO;
				GCC_VERSION = com.apple.compilers.llvm.clang.1_0;
				GCC_WARN_64_TO_32_BIT_CONVERSION = YES;
				GCC_WARN_ABOUT_RETURN_TYPE = YES;
				GCC_WARN_UNINITIALIZED_AUTOS = YES;
				GCC_WARN_UNUSED_VARIABLE = YES;
				MACOSX_DEPLOYMENT_TARGET = 10.7;
				ONLY_ACTIVE_ARCH = YES;
				SDKROOT = macosx;
			};
			name = Debug;
		};
		49CA8CA1157FE4C800F2738D /* Release */ = {
			isa = XCBuildConfiguration;
			buildSettings = {
				ALWAYS_SEARCH_USER_PATHS = NO;
				ARCHS = "$(ARCHS_STANDARD_64_BIT)";
				CLANG_ENABLE_OBJC_ARC = YES;
				COPY_PHASE_STRIP = YES;
				DEBUG_INFORMATION_FORMAT = "dwarf-with-dsym";
				GCC_C_LANGUAGE_STANDARD = gnu99;
				GCC_ENABLE_OBJC_EXCEPTIONS = YES;
				GCC_VERSION = com.apple.compilers.llvm.clang.1_0;
				GCC_WARN_64_TO_32_BIT_CONVERSION = YES;
				GCC_WARN_ABOUT_RETURN_TYPE = YES;
				GCC_WARN_UNINITIALIZED_AUTOS = YES;
				GCC_WARN_UNUSED_VARIABLE = YES;
				MACOSX_DEPLOYMENT_TARGET = 10.7;
				SDKROOT = macosx;
			};
			name = Release;
		};
		49CA8CA3157FE4C800F2738D /* Debug */ = {
			isa = XCBuildConfiguration;
			buildSettings = {
				CLANG_ENABLE_OBJC_ARC = NO;
				COMBINE_HIDPI_IMAGES = YES;
				FRAMEWORK_SEARCH_PATHS = (
					"$(inherited)",
					"\"$(SRCROOT)\"",
				);
				GCC_PRECOMPILE_PREFIX_HEADER = YES;
				GCC_PREFIX_HEADER = "SinKinector/SinKinector-Prefix.pch";
				HEADER_SEARCH_PATHS = "\"$(SRCROOT)/Include\"";
				INFOPLIST_FILE = "SinKinector/SinKinector-Info.plist";
				LD_RUNPATH_SEARCH_PATHS = "@executable_path/../Frameworks @loader_path/../Frameworks @rpath/../Frameworks";
				LIBRARY_SEARCH_PATHS = (
					"$(inherited)",
					"\"$(SRCROOT)\"",
				);
				PRODUCT_NAME = "$(TARGET_NAME)";
				WRAPPER_EXTENSION = app;
			};
			name = Debug;
		};
		49CA8CA4157FE4C800F2738D /* Release */ = {
			isa = XCBuildConfiguration;
			buildSettings = {
				CLANG_ENABLE_OBJC_ARC = NO;
				COMBINE_HIDPI_IMAGES = YES;
				FRAMEWORK_SEARCH_PATHS = (
					"$(inherited)",
					"\"$(SRCROOT)\"",
				);
				GCC_PRECOMPILE_PREFIX_HEADER = YES;
				GCC_PREFIX_HEADER = "SinKinector/SinKinector-Prefix.pch";
				HEADER_SEARCH_PATHS = "\"$(SRCROOT)/Include\"";
				INFOPLIST_FILE = "SinKinector/SinKinector-Info.plist";
				LD_RUNPATH_SEARCH_PATHS = "@executable_path/../Frameworks @loader_path/../Frameworks @rpath/../Frameworks";
				LIBRARY_SEARCH_PATHS = (
					"$(inherited)",
					"\"$(SRCROOT)\"",
				);
				PRODUCT_NAME = "$(TARGET_NAME)";
				WRAPPER_EXTENSION = app;
			};
			name = Release;
		};
/* End XCBuildConfiguration section */

/* Begin XCConfigurationList section */
		49CA8C6A157FE4C700F2738D /* Build configuration list for PBXProject "SinK" */ = {
			isa = XCConfigurationList;
			buildConfigurations = (
				49CA8CA0157FE4C800F2738D /* Debug */,
				49CA8CA1157FE4C800F2738D /* Release */,
			);
			defaultConfigurationIsVisible = 0;
			defaultConfigurationName = Release;
		};
		49CA8CA2157FE4C800F2738D /* Build configuration list for PBXNativeTarget "SinK" */ = {
			isa = XCConfigurationList;
			buildConfigurations = (
				49CA8CA3157FE4C800F2738D /* Debug */,
				49CA8CA4157FE4C800F2738D /* Release */,
			);
			defaultConfigurationIsVisible = 0;
			defaultConfigurationName = Release;
		};
/* End XCConfigurationList section */
	};
	rootObject = 49CA8C67157FE4C700F2738D /* Project object */;
}
